
Microsoft Visual Studio Solution File, Format Version 12.00
# Visual Studio Version 17
VisualStudioVersion = 17.3.32929.385
MinimumVisualStudioVersion = 10.0.40219.1
Project("{FAE04EC0-301F-11D3-BF4B-00C04F79EFBC}") = "anothertour", "anothertour\anothertour.csproj", "{263FDF8D-876E-49C4-94C6-130919E85DFA}"
EndProject
Global
	GlobalSection(SolutionConfigurationPlatforms) = preSolution
		Debug|Any CPU = Debug|Any CPU
		Release|Any CPU = Release|Any CPU
	EndGlobalSection
	GlobalSection(ProjectConfigurationPlatforms) = postSolution
		{263FDF8D-876E-49C4-94C6-130919E85DFA}.Debug|Any CPU.ActiveCfg = Debug|Any CPU
		{263FDF8D-876E-49C4-94C6-130919E85DFA}.Debug|Any CPU.Build.0 = Debug|Any CPU
		{263FDF8D-876E-49C4-94C6-130919E85DFA}.Release|Any CPU.ActiveCfg = Release|Any CPU
		{263FDF8D-876E-49C4-94C6-130919E85DFA}.Release|Any CPU.Build.0 = Release|Any CPU
	EndGlobalSection
	GlobalSection(SolutionProperties) = preSolution
		HideSolutionNode = FALSE
	EndGlobalSection
	GlobalSection(ExtensibilityGlobals) = postSolution
		SolutionGuid = {0D199663-E13E-4073-9074-DA07758B6F9E}
	EndGlobalSection
EndGlobal
